
Microsoft Visual Studio Solution File, Format Version 12.00
# Visual Studio Version 16
VisualStudioVersion = 16.0.29920.165
MinimumVisualStudioVersion = 10.0.40219.1
Project("{FAE04EC0-301F-11D3-BF4B-00C04F79EFBC}") = "Python exercises in Csharp", "Python exercises in Csharp\Python exercises in Csharp.csproj", "{66C405B3-412F-4574-B1AE-AA39FEA0FDEF}"
EndProject
Project("{FAE04EC0-301F-11D3-BF4B-00C04F79EFBC}") = "61 exercise", "61 exercise\61 exercise.csproj", "{99BF929A-E6EF-40D8-B872-3B5384C3DB5B}"
EndProject
Global
	GlobalSection(SolutionConfigurationPlatforms) = preSolution
		Debug|Any CPU = Debug|Any CPU
		Release|Any CPU = Release|Any CPU
	EndGlobalSection
	GlobalSection(ProjectConfigurationPlatforms) = postSolution
		{66C405B3-412F-4574-B1AE-AA39FEA0FDEF}.Debug|Any CPU.ActiveCfg = Debug|Any CPU
		{66C405B3-412F-4574-B1AE-AA39FEA0FDEF}.Debug|Any CPU.Build.0 = Debug|Any CPU
		{66C405B3-412F-4574-B1AE-AA39FEA0FDEF}.Release|Any CPU.ActiveCfg = Release|Any CPU
		{66C405B3-412F-4574-B1AE-AA39FEA0FDEF}.Release|Any CPU.Build.0 = Release|Any CPU
		{99BF929A-E6EF-40D8-B872-3B5384C3DB5B}.Debug|Any CPU.ActiveCfg = Debug|Any CPU
		{99BF929A-E6EF-40D8-B872-3B5384C3DB5B}.Debug|Any CPU.Build.0 = Debug|Any CPU
		{99BF929A-E6EF-40D8-B872-3B5384C3DB5B}.Release|Any CPU.ActiveCfg = Release|Any CPU
		{99BF929A-E6EF-40D8-B872-3B5384C3DB5B}.Release|Any CPU.Build.0 = Release|Any CPU
	EndGlobalSection
	GlobalSection(SolutionProperties) = preSolution
		HideSolutionNode = FALSE
	EndGlobalSection
	GlobalSection(ExtensibilityGlobals) = postSolution
		SolutionGuid = {11BF842E-D80A-4269-A7AD-19252E446BCD}
	EndGlobalSection
EndGlobal
